PODS:
  - boost (1.76.0)
  - DoubleConversion (1.1.6)
  - FBLazyVector (0.72.13)
  - FBReactNativeSpec (0.72.13):
    - RCT-Folly (= 2021.07.22.00)
    - RCTRequired (= 0.72.13)
    - RCTTypeSafety (= 0.72.13)
    - React-Core (= 0.72.13)
    - React-jsi (= 0.72.13)
    - ReactCommon/turbomodule/core (= 0.72.13)
  - fmt (6.2.1)
  - glog (0.3.5)
  - RCT-Folly (2021.07.22.00):
    - boost
    - DoubleConversion
    - fmt (~> 6.2.1)
    - glog
    - RCT-Folly/Default (= 2021.07.22.00)
  - RCT-Folly/Default (2021.07.22.00):
    - boost
    - DoubleConversion
    - fmt (~> 6.2.1)
    - glog
  - RCTRequired (0.72.13)
  - RCTTypeSafety (0.72.13):
    - FBLazyVector (= 0.72.13)
    - RCTRequired (= 0.72.13)
    - React-Core (= 0.72.13)
  - React (0.72.13):
    - React-Core (= 0.72.13)
    - React-Core/DevSupport (= 0.72.13)
    - React-Core/RCTWebSocket (= 0.72.13)
    - React-RCTActionSheet (= 0.72.13)
    - React-RCTAnimation (= 0.72.13)
    - React-RCTBlob (= 0.72.13)
    - React-RCTImage (= 0.72.13)
    - React-RCTLinking (= 0.72.13)
    - React-RCTNetwork (= 0.72.13)
    - React-RCTSettings (= 0.72.13)
    - React-RCTText (= 0.72.13)
    - React-RCTVibration (= 0.72.13)
  - React-callinvoker (0.72.13)
  - React-Codegen (0.72.13):
    - DoubleConversion
    - FBReactNativeSpec
    - glog
    - RCT-Folly
    - RCTRequired
    - RCTTypeSafety
    - React-Core
    - React-jsc
    - React-jsi
    - React-jsiexecutor
    - React-NativeModulesApple
    - React-rncore
    - ReactCommon/turbomodule/bridging
    - ReactCommon/turbomodule/core
  - React-Core (0.72.13):
    - glog
    - RCT-Folly (= 2021.07.22.00)
    - React-Core/Default (= 0.72.13)
    - React-cxxreact
    - React-jsc
    - React-jsi
    - React-jsiexecutor
    - React-perflogger
    - React-runtimeexecutor
    - React-utils
    - SocketRocket (= 0.6.1)
    - Yoga
  - React-Core/CoreModulesHeaders (0.72.13):
    - glog
    - RCT-Folly (= 2021.07.22.00)
    - React-Core/Default
    - React-cxxreact
    - React-jsc
    - React-jsi
    - React-jsiexecutor
    - React-perflogger
    - React-runtimeexecutor
    - React-utils
    - SocketRocket (= 0.6.1)
    - Yoga
  - React-Core/Default (0.72.13):
    - glog
    - RCT-Folly (= 2021.07.22.00)
    - React-cxxreact
    - React-jsc
    - React-jsi
    - React-jsiexecutor
    - React-perflogger
    - React-runtimeexecutor
    - React-utils
    - SocketRocket (= 0.6.1)
    - Yoga
  - React-Core/DevSupport (0.72.13):
    - glog
    - RCT-Folly (= 2021.07.22.00)
    - React-Core/Default (= 0.72.13)
    - React-Core/RCTWebSocket (= 0.72.13)
    - React-cxxreact
    - React-jsc
    - React-jsi
    - React-jsiexecutor
    - React-jsinspector (= 0.72.13)
    - React-perflogger
    - React-runtimeexecutor
    - React-utils
    - SocketRocket (= 0.6.1)
    - Yoga
  - React-Core/RCTActionSheetHeaders (0.72.13):
    - glog
    - RCT-Folly (= 2021.07.22.00)
    - React-Core/Default
    - React-cxxreact
    - React-jsc
    - React-jsi
    - React-jsiexecutor
    - React-perflogger
    - React-runtimeexecutor
    - React-utils
    - SocketRocket (= 0.6.1)
    - Yoga
  - React-Core/RCTAnimationHeaders (0.72.13):
    - glog
    - RCT-Folly (= 2021.07.22.00)
    - React-Core/Default
    - React-cxxreact
    - React-jsc
    - React-jsi
    - React-jsiexecutor
    - React-perflogger
    - React-runtimeexecutor
    - React-utils
    - SocketRocket (= 0.6.1)
    - Yoga
  - React-Core/RCTBlobHeaders (0.72.13):
    - glog
    - RCT-Folly (= 2021.07.22.00)
    - React-Core/Default
    - React-cxxreact
    - React-jsc
    - React-jsi
    - React-jsiexecutor
    - React-perflogger
    - React-runtimeexecutor
    - React-utils
    - SocketRocket (= 0.6.1)
    - Yoga
  - React-Core/RCTImageHeaders (0.72.13):
    - glog
    - RCT-Folly (= 2021.07.22.00)
    - React-Core/Default
    - React-cxxreact
    - React-jsc
    - React-jsi
    - React-jsiexecutor
    - React-perflogger
    - React-runtimeexecutor
    - React-utils
    - SocketRocket (= 0.6.1)
    - Yoga
  - React-Core/RCTLinkingHeaders (0.72.13):
    - glog
    - RCT-Folly (= 2021.07.22.00)
    - React-Core/Default
    - React-cxxreact
    - React-jsc
    - React-jsi
    - React-jsiexecutor
    - React-perflogger
    - React-runtimeexecutor
    - React-utils
    - SocketRocket (= 0.6.1)
    - Yoga
  - React-Core/RCTNetworkHeaders (0.72.13):
    - glog
    - RCT-Folly (= 2021.07.22.00)
    - React-Core/Default
    - React-cxxreact
    - React-jsc
    - React-jsi
    - React-jsiexecutor
    - React-perflogger
    - React-runtimeexecutor
    - React-utils
    - SocketRocket (= 0.6.1)
    - Yoga
  - React-Core/RCTSettingsHeaders (0.72.13):
    - glog
    - RCT-Folly (= 2021.07.22.00)
    - React-Core/Default
    - React-cxxreact
    - React-jsc
    - React-jsi
    - React-jsiexecutor
    - React-perflogger
    - React-runtimeexecutor
    - React-utils
    - SocketRocket (= 0.6.1)
    - Yoga
  - React-Core/RCTTextHeaders (0.72.13):
    - glog
    - RCT-Folly (= 2021.07.22.00)
    - React-Core/Default
    - React-cxxreact
    - React-jsc
    - React-jsi
    - React-jsiexecutor
    - React-perflogger
    - React-runtimeexecutor
    - React-utils
    - SocketRocket (= 0.6.1)
    - Yoga
  - React-Core/RCTVibrationHeaders (0.72.13):
    - glog
    - RCT-Folly (= 2021.07.22.00)
    - React-Core/Default
    - React-cxxreact
    - React-jsc
    - React-jsi
    - React-jsiexecutor
    - React-perflogger
    - React-runtimeexecutor
    - React-utils
    - SocketRocket (= 0.6.1)
    - Yoga
  - React-Core/RCTWebSocket (0.72.13):
    - glog
    - RCT-Folly (= 2021.07.22.00)
    - React-Core/Default (= 0.72.13)
    - React-cxxreact
    - React-jsc
    - React-jsi
    - React-jsiexecutor
    - React-perflogger
    - React-runtimeexecutor
    - React-utils
    - SocketRocket (= 0.6.1)
    - Yoga
  - React-CoreModules (0.72.13):
    - RCT-Folly (= 2021.07.22.00)
    - RCTTypeSafety (= 0.72.13)
    - React-Codegen (= 0.72.13)
    - React-Core/CoreModulesHeaders (= 0.72.13)
    - React-jsi (= 0.72.13)
    - React-RCTBlob
    - React-RCTImage (= 0.72.13)
    - ReactCommon/turbomodule/core (= 0.72.13)
    - SocketRocket (= 0.6.1)
  - React-cxxreact (0.72.13):
    - boost (= 1.76.0)
    - DoubleConversion
    - glog
    - RCT-Folly (= 2021.07.22.00)
    - React-callinvoker (= 0.72.13)
    - React-debug (= 0.72.13)
    - React-jsi (= 0.72.13)
    - React-jsinspector (= 0.72.13)
    - React-logger (= 0.72.13)
    - React-perflogger (= 0.72.13)
    - React-runtimeexecutor (= 0.72.13)
  - React-debug (0.72.13)
  - React-jsc (0.72.13):
    - React-jsc/Fabric (= 0.72.13)
    - React-jsi (= 0.72.13)
  - React-jsc/Fabric (0.72.13):
    - React-jsi (= 0.72.13)
  - React-jsi (0.72.13):
    - boost (= 1.76.0)
    - DoubleConversion
    - glog
    - RCT-Folly (= 2021.07.22.00)
  - React-jsiexecutor (0.72.13):
    - DoubleConversion
    - glog
    - RCT-Folly (= 2021.07.22.00)
    - React-cxxreact (= 0.72.13)
    - React-jsi (= 0.72.13)
    - React-perflogger (= 0.72.13)
  - React-jsinspector (0.72.13)
  - React-logger (0.72.13):
    - glog
  - react-native-segmented-control (2.5.2):
    - React-Core
  - React-NativeModulesApple (0.72.13):
    - React-callinvoker
    - React-Core
    - React-cxxreact
    - React-jsi
    - React-runtimeexecutor
    - ReactCommon/turbomodule/bridging
    - ReactCommon/turbomodule/core
  - React-perflogger (0.72.13)
  - React-RCTActionSheet (0.72.13):
    - React-Core/RCTActionSheetHeaders (= 0.72.13)
  - React-RCTAnimation (0.72.13):
    - RCT-Folly (= 2021.07.22.00)
    - RCTTypeSafety (= 0.72.13)
    - React-Codegen (= 0.72.13)
    - React-Core/RCTAnimationHeaders (= 0.72.13)
    - React-jsi (= 0.72.13)
    - ReactCommon/turbomodule/core (= 0.72.13)
  - React-RCTAppDelegate (0.72.13):
    - RCT-Folly
    - RCTRequired
    - RCTTypeSafety
    - React-Core
    - React-CoreModules
    - React-jsc
    - React-NativeModulesApple
    - React-RCTImage
    - React-RCTNetwork
    - React-runtimescheduler
    - ReactCommon/turbomodule/core
  - React-RCTBlob (0.72.13):
    - RCT-Folly (= 2021.07.22.00)
    - React-Codegen (= 0.72.13)
    - React-Core/RCTBlobHeaders (= 0.72.13)
    - React-Core/RCTWebSocket (= 0.72.13)
    - React-jsi (= 0.72.13)
    - React-RCTNetwork (= 0.72.13)
    - ReactCommon/turbomodule/core (= 0.72.13)
  - React-RCTImage (0.72.13):
    - RCT-Folly (= 2021.07.22.00)
    - RCTTypeSafety (= 0.72.13)
    - React-Codegen (= 0.72.13)
    - React-Core/RCTImageHeaders (= 0.72.13)
    - React-jsi (= 0.72.13)
    - React-RCTNetwork (= 0.72.13)
    - ReactCommon/turbomodule/core (= 0.72.13)
  - React-RCTLinking (0.72.13):
    - React-Codegen (= 0.72.13)
    - React-Core/RCTLinkingHeaders (= 0.72.13)
    - React-jsi (= 0.72.13)
    - ReactCommon/turbomodule/core (= 0.72.13)
  - React-RCTNetwork (0.72.13):
    - RCT-Folly (= 2021.07.22.00)
    - RCTTypeSafety (= 0.72.13)
    - React-Codegen (= 0.72.13)
    - React-Core/RCTNetworkHeaders (= 0.72.13)
    - React-jsi (= 0.72.13)
    - ReactCommon/turbomodule/core (= 0.72.13)
  - React-RCTSettings (0.72.13):
    - RCT-Folly (= 2021.07.22.00)
    - RCTTypeSafety (= 0.72.13)
    - React-Codegen (= 0.72.13)
    - React-Core/RCTSettingsHeaders (= 0.72.13)
    - React-jsi (= 0.72.13)
    - ReactCommon/turbomodule/core (= 0.72.13)
  - React-RCTText (0.72.13):
    - React-Core/RCTTextHeaders (= 0.72.13)
  - React-RCTVibration (0.72.13):
    - RCT-Folly (= 2021.07.22.00)
    - React-Codegen (= 0.72.13)
    - React-Core/RCTVibrationHeaders (= 0.72.13)
    - React-jsi (= 0.72.13)
    - ReactCommon/turbomodule/core (= 0.72.13)
  - React-rncore (0.72.13)
  - React-runtimeexecutor (0.72.13):
    - React-jsi (= 0.72.13)
  - React-runtimescheduler (0.72.13):
    - glog
    - RCT-Folly (= 2021.07.22.00)
    - React-callinvoker
    - React-debug
    - React-jsi
    - React-runtimeexecutor
  - React-utils (0.72.13):
    - glog
    - RCT-Folly (= 2021.07.22.00)
    - React-debug
  - ReactCommon/turbomodule/bridging (0.72.13):
    - DoubleConversion
    - glog
    - RCT-Folly (= 2021.07.22.00)
    - React-callinvoker (= 0.72.13)
    - React-cxxreact (= 0.72.13)
    - React-jsi (= 0.72.13)
    - React-logger (= 0.72.13)
    - React-perflogger (= 0.72.13)
  - ReactCommon/turbomodule/core (0.72.13):
    - DoubleConversion
    - glog
    - RCT-Folly (= 2021.07.22.00)
    - React-callinvoker (= 0.72.13)
    - React-cxxreact (= 0.72.13)
    - React-jsi (= 0.72.13)
    - React-logger (= 0.72.13)
    - React-perflogger (= 0.72.13)
  - ReactNativeHost (0.4.6):
    - RCT-Folly (= 2021.07.22.00)
    - React-Core
    - React-cxxreact
    - ReactCommon/turbomodule/core
  - ReactTestApp-DevSupport (3.5.3):
    - React-Core
    - React-jsi
  - ReactTestApp-Resources (1.0.0-dev)
  - RNDateTimePicker (7.7.0):
    - React-Core
  - RNLocalize (3.1.0):
    - React-Core
  - SocketRocket (0.6.1)
  - Yoga (1.14.0)

DEPENDENCIES:
  - boost (from `../../node_modules/react-native/third-party-podspecs/boost.podspec`)
  - DoubleConversion (from `../../node_modules/react-native/third-party-podspecs/DoubleConversion.podspec`)
  - FBLazyVector (from `../../node_modules/react-native/Libraries/FBLazyVector`)
  - FBReactNativeSpec (from `../../node_modules/react-native/React/FBReactNativeSpec`)
  - glog (from `../../node_modules/react-native/third-party-podspecs/glog.podspec`)
  - RCT-Folly (from `../../node_modules/react-native/third-party-podspecs/RCT-Folly.podspec`)
  - RCTRequired (from `../../node_modules/react-native/Libraries/RCTRequired`)
  - RCTTypeSafety (from `../../node_modules/react-native/Libraries/TypeSafety`)
  - React (from `../../node_modules/react-native/`)
  - React-callinvoker (from `../../node_modules/react-native/ReactCommon/callinvoker`)
  - React-Codegen (from `build/generated/ios`)
  - React-Core (from `../../node_modules/react-native/`)
  - React-Core/RCTWebSocket (from `../../node_modules/react-native/`)
  - React-CoreModules (from `../../node_modules/react-native/React/CoreModules`)
  - React-cxxreact (from `../../node_modules/react-native/ReactCommon/cxxreact`)
  - React-debug (from `../../node_modules/react-native/ReactCommon/react/debug`)
  - React-jsc (from `../../node_modules/react-native/ReactCommon/jsc`)
  - React-jsi (from `../../node_modules/react-native/ReactCommon/jsi`)
  - React-jsiexecutor (from `../../node_modules/react-native/ReactCommon/jsiexecutor`)
  - React-jsinspector (from `../../node_modules/react-native/ReactCommon/jsinspector`)
  - React-logger (from `../../node_modules/react-native/ReactCommon/logger`)
  - "react-native-segmented-control (from `../../node_modules/@react-native-segmented-control/segmented-control`)"
  - React-NativeModulesApple (from `../../node_modules/react-native/ReactCommon/react/nativemodule/core/platform/ios`)
  - React-perflogger (from `../../node_modules/react-native/ReactCommon/reactperflogger`)
  - React-RCTActionSheet (from `../../node_modules/react-native/Libraries/ActionSheetIOS`)
  - React-RCTAnimation (from `../../node_modules/react-native/Libraries/NativeAnimation`)
  - React-RCTAppDelegate (from `../../node_modules/react-native/Libraries/AppDelegate`)
  - React-RCTBlob (from `../../node_modules/react-native/Libraries/Blob`)
  - React-RCTImage (from `../../node_modules/react-native/Libraries/Image`)
  - React-RCTLinking (from `../../node_modules/react-native/Libraries/LinkingIOS`)
  - React-RCTNetwork (from `../../node_modules/react-native/Libraries/Network`)
  - React-RCTSettings (from `../../node_modules/react-native/Libraries/Settings`)
  - React-RCTText (from `../../node_modules/react-native/Libraries/Text`)
  - React-RCTVibration (from `../../node_modules/react-native/Libraries/Vibration`)
  - React-rncore (from `../../node_modules/react-native/ReactCommon`)
  - React-runtimeexecutor (from `../../node_modules/react-native/ReactCommon/runtimeexecutor`)
  - React-runtimescheduler (from `../../node_modules/react-native/ReactCommon/react/renderer/runtimescheduler`)
  - React-utils (from `../../node_modules/react-native/ReactCommon/react/utils`)
  - ReactCommon/turbomodule/core (from `../../node_modules/react-native/ReactCommon`)
  - "ReactNativeHost (from `../../node_modules/@rnx-kit/react-native-host`)"
  - ReactTestApp-DevSupport (from `../../node_modules/react-native-test-app`)
  - ReactTestApp-Resources (from `..`)
  - RNDateTimePicker (from `../..`)
  - RNLocalize (from `../../node_modules/react-native-localize`)
  - Yoga (from `../../node_modules/react-native/ReactCommon/yoga`)

SPEC REPOS:
  trunk:
    - fmt
    - SocketRocket

EXTERNAL SOURCES:
  boost:
    :podspec: "../../node_modules/react-native/third-party-podspecs/boost.podspec"
  DoubleConversion:
    :podspec: "../../node_modules/react-native/third-party-podspecs/DoubleConversion.podspec"
  FBLazyVector:
    :path: "../../node_modules/react-native/Libraries/FBLazyVector"
  FBReactNativeSpec:
    :path: "../../node_modules/react-native/React/FBReactNativeSpec"
  glog:
    :podspec: "../../node_modules/react-native/third-party-podspecs/glog.podspec"
  RCT-Folly:
    :podspec: "../../node_modules/react-native/third-party-podspecs/RCT-Folly.podspec"
  RCTRequired:
    :path: "../../node_modules/react-native/Libraries/RCTRequired"
  RCTTypeSafety:
    :path: "../../node_modules/react-native/Libraries/TypeSafety"
  React:
    :path: "../../node_modules/react-native/"
  React-callinvoker:
    :path: "../../node_modules/react-native/ReactCommon/callinvoker"
  React-Codegen:
    :path: build/generated/ios
  React-Core:
    :path: "../../node_modules/react-native/"
  React-CoreModules:
    :path: "../../node_modules/react-native/React/CoreModules"
  React-cxxreact:
    :path: "../../node_modules/react-native/ReactCommon/cxxreact"
  React-debug:
    :path: "../../node_modules/react-native/ReactCommon/react/debug"
  React-jsc:
    :path: "../../node_modules/react-native/ReactCommon/jsc"
  React-jsi:
    :path: "../../node_modules/react-native/ReactCommon/jsi"
  React-jsiexecutor:
    :path: "../../node_modules/react-native/ReactCommon/jsiexecutor"
  React-jsinspector:
    :path: "../../node_modules/react-native/ReactCommon/jsinspector"
  React-logger:
    :path: "../../node_modules/react-native/ReactCommon/logger"
  react-native-segmented-control:
    :path: "../../node_modules/@react-native-segmented-control/segmented-control"
  React-NativeModulesApple:
    :path: "../../node_modules/react-native/ReactCommon/react/nativemodule/core/platform/ios"
  React-perflogger:
    :path: "../../node_modules/react-native/ReactCommon/reactperflogger"
  React-RCTActionSheet:
    :path: "../../node_modules/react-native/Libraries/ActionSheetIOS"
  React-RCTAnimation:
    :path: "../../node_modules/react-native/Libraries/NativeAnimation"
  React-RCTAppDelegate:
    :path: "../../node_modules/react-native/Libraries/AppDelegate"
  React-RCTBlob:
    :path: "../../node_modules/react-native/Libraries/Blob"
  React-RCTImage:
    :path: "../../node_modules/react-native/Libraries/Image"
  React-RCTLinking:
    :path: "../../node_modules/react-native/Libraries/LinkingIOS"
  React-RCTNetwork:
    :path: "../../node_modules/react-native/Libraries/Network"
  React-RCTSettings:
    :path: "../../node_modules/react-native/Libraries/Settings"
  React-RCTText:
    :path: "../../node_modules/react-native/Libraries/Text"
  React-RCTVibration:
    :path: "../../node_modules/react-native/Libraries/Vibration"
  React-rncore:
    :path: "../../node_modules/react-native/ReactCommon"
  React-runtimeexecutor:
    :path: "../../node_modules/react-native/ReactCommon/runtimeexecutor"
  React-runtimescheduler:
    :path: "../../node_modules/react-native/ReactCommon/react/renderer/runtimescheduler"
  React-utils:
    :path: "../../node_modules/react-native/ReactCommon/react/utils"
  ReactCommon:
    :path: "../../node_modules/react-native/ReactCommon"
  ReactNativeHost:
    :path: "../../node_modules/@rnx-kit/react-native-host"
  ReactTestApp-DevSupport:
    :path: "../../node_modules/react-native-test-app"
  ReactTestApp-Resources:
    :path: ".."
  RNDateTimePicker:
    :path: "../.."
  RNLocalize:
    :path: "../../node_modules/react-native-localize"
  Yoga:
    :path: "../../node_modules/react-native/ReactCommon/yoga"

SPEC CHECKSUMS:
  boost: 7dcd2de282d72e344012f7d6564d024930a6a440
  DoubleConversion: 5189b271737e1565bdce30deb4a08d647e3f5f54
  FBLazyVector: d5c36294933aa344046699700b9ae9c2e10db18e
  FBReactNativeSpec: 913a866fd43c78a8a0c5fc955a1328106e3309d0
  fmt: ff9d55029c625d3757ed641535fd4a75fedc7ce9
  glog: 04b94705f318337d7ead9e6d17c019bd9b1f6b1b
  RCT-Folly: 424b8c9a7a0b9ab2886ffe9c3b041ef628fd4fb1
  RCTRequired: 2fb3c1ac6546029f44d04083771e60a106073853
  RCTTypeSafety: 59916726dadf1e2f3d502f2f3cf7393fe451f501
  React: a268c36512fe4ae45f55816af7dac225de38a602
  React-callinvoker: b8a85e82fe8e7d8f3b4b4ff03c292c498fe8e747
  React-Codegen: 8002864142455ed689a98f19738fe8008abdf1af
  React-Core: b2d18492a089b9569655fb02fda503fa5c9c6ab8
  React-CoreModules: ce9bc448da0091a8d0d9d63f95213e52d170db31
  React-cxxreact: 13019a4d4f6bfff0fab2224eaa4845b6fee35430
  React-debug: 30e2b157b34f426e0ad51ec6bc1b8231e7f27c48
  React-jsc: 648dc11b7dcabd784443ff3dc3ab8c20ce221d91
  React-jsi: fed702423c7b87c3e396074f944c3a36b87d9bf1
  React-jsiexecutor: babd1c5c38b6609eccbd72326c7157e5c0d438a1
  React-jsinspector: 525fb67d3402476e6d2796907892137e4a632e35
  React-logger: c3a0ff270a52e0051489f1f29a5de047ba7e8ca0
  react-native-segmented-control: b92809e9111013dfa266e1168ba366d62898d9a4
  React-NativeModulesApple: ac712d0d93df83d6b0c78b636ba062b358cb8493
  React-perflogger: de3900e86d8a4d896999b08e0b130ad8b83ebf11
  React-RCTActionSheet: 92433ffdf1b479aab3fe32250047f100a10ce59f
  React-RCTAnimation: 6f116d7b25705f185f48dedf65eb4e98f98d860c
  React-RCTAppDelegate: 3c5fb4dbc235d1352891be6d86fb08207c937952
  React-RCTBlob: 6f3b1ca6a50534569286336c26d0ebc9011665be
  React-RCTImage: 66b3b6d840a3b329b2406956a58db80f1344d097
  React-RCTLinking: 032518be6aebadd7f032f23c8975be98eff042cb
  React-RCTNetwork: dc775d132167fcdfcb3bba4b11d57cf07a834a3e
  React-RCTSettings: 0bd22fc8293bc396cdb0769a12830273c8c5096b
  React-RCTText: d312733e5008713f7293e3d44f41f34d432cd4b0
  React-RCTVibration: 754103c3c8c09d6fd2e1ee49d9a32f53e9f2d615
  React-rncore: cf1c2a99516a077b8116bff24495d3e1a706c0dc
  React-runtimeexecutor: 318cd0b384ccb12a2f86870f8591b759caad7f7d
  React-runtimescheduler: 49e66367b84248c4d427840b9a6e178520fb3e5a
  React-utils: 46700f6d6cacc4288f897b94571bf92895678885
  ReactCommon: 38e6928d672a45fb0143bb0fb7ec24ed43ac34a6
  ReactNativeHost: 9d10621a0bda7b13639bd5e84efd1da5b4296c10
  ReactTestApp-DevSupport: 1fe22a4a29414ec3227d20b3eb96217ba1ff13d0
  ReactTestApp-Resources: 857244f3a23f2b3157b364fa06cf3e8866deff9c
  RNDateTimePicker: 4f3c4dbd4f908be32ec8c93f086e8924bd4a2e07
  RNLocalize: e8694475db034bf601e17bd3dfa8986565e769eb
  SocketRocket: f32cd54efbe0f095c4d7594881e52619cfe80b17
  Yoga: 6e6ec2d9e1eb4ecb97be4dc9bdd91f7cae2adf98

PODFILE CHECKSUM: b6bcdb6d3d7758fa98df2fdfba027188ac6288d6

COCOAPODS: 1.14.3
